// !$*UTF8*$!
{
	archiveVersion = 1;
	classes = {
	};
	objectVersion = 56;
	objects = {

/* Begin PBXBuildFile section */
		6C1006F52A1A71D900C83777 /* TODO.md in Resources */ = {isa = PBXBuildFile; fileRef = 6C1006F42A1A71D900C83777 /* TODO.md */; };
		6C1006F82A1A71D900C83777 /* .gitignore in Resources */ = {isa = PBXBuildFile; fileRef = 6C1006F72A1A71D900C83777 /* .gitignore */; };
		6C1006FA2A1A71D900C83777 /* PrivateKeys.swift in Sources */ = {isa = PBXBuildFile; fileRef = 6C1006F92A1A71D900C83777 /* PrivateKeys.swift */; };
		6C1006FD2A1A71D900C83777 /* AppSettings.swift in Sources */ = {isa = PBXBuildFile; fileRef = 6C1006FC2A1A71D900C83777 /* AppSettings.swift */; };
		6C1007002A1A71D900C83777 /* AppSettingsViewModel.swift in Sources */ = {isa = PBXBuildFile; fileRef = 6C1006FF2A1A71D900C83777 /* AppSettingsViewModel.swift */; };
		6C1007032A1A71D900C83777 /* AppSettingsView.swift in Sources */ = {isa = PBXBuildFile; fileRef = 6C1007022A1A71D900C83777 /* AppSettingsView.swift */; };
		6C1007052A1A71D900C83777 /* HabitTrackerApp.swift in Sources */ = {isa = PBXBuildFile; fileRef = 6C1007042A1A71D900C83777 /* HabitTrackerApp.swift */; };
		6C1007072A1A71D900C83777 /* ContentView.swift in Sources */ = {isa = PBXBuildFile; fileRef = 6C1007062A1A71D900C83777 /* ContentView.swift */; };
		6C1007092A1A71DA00C83777 /* Assets.xcassets in Resources */ = {isa = PBXBuildFile; fileRef = 6C1007082A1A71DA00C83777 /* Assets.xcassets */; };
		6C10070C2A1A71DA00C83777 /* Preview Assets.xcassets in Resources */ = {isa = PBXBuildFile; fileRef = 6C10070B2A1A71DA00C83777 /* Preview Assets.xcassets */; };
		6C1007132A1A72D700C83777 /* Habit.swift in Sources */ = {isa = PBXBuildFile; fileRef = 6C1007122A1A72D700C83777 /* Habit.swift */; };
		6C1007152A1A731300C83777 /* HabitsViewModel.swift in Sources */ = {isa = PBXBuildFile; fileRef = 6C1007142A1A731300C83777 /* HabitsViewModel.swift */; };
		6C1007172A1C00F200C83777 /* AddHabitView.swift in Sources */ = {isa = PBXBuildFile; fileRef = 6C1007162A1C00F200C83777 /* AddHabitView.swift */; };
/* End PBXBuildFile section */

/* Begin PBXFileReference section */
		6C1006F12A1A71D900C83777 /* HabitTracker.app */ = {isa = PBXFileReference; explicitFileType = wrapper.application; includeInIndex = 0; path = HabitTracker.app; sourceTree = BUILT_PRODUCTS_DIR; };
		6C1006F42A1A71D900C83777 /* TODO.md */ = {isa = PBXFileReference; lastKnownFileType = net.daringfireball.markdown; path = TODO.md; sourceTree = "<group>"; };
		6C1006F72A1A71D900C83777 /* .gitignore */ = {isa = PBXFileReference; lastKnownFileType = text; path = .gitignore; sourceTree = "<group>"; };
		6C1006F92A1A71D900C83777 /* PrivateKeys.swift */ = {isa = PBXFileReference; lastKnownFileType = sourcecode.swift; path = PrivateKeys.swift; sourceTree = "<group>"; };
		6C1006FC2A1A71D900C83777 /* AppSettings.swift */ = {isa = PBXFileReference; lastKnownFileType = sourcecode.swift; path = AppSettings.swift; sourceTree = "<group>"; };
		6C1006FF2A1A71D900C83777 /* AppSettingsViewModel.swift */ = {isa = PBXFileReference; lastKnownFileType = sourcecode.swift; path = AppSettingsViewModel.swift; sourceTree = "<group>"; };
		6C1007022A1A71D900C83777 /* AppSettingsView.swift */ = {isa = PBXFileReference; lastKnownFileType = sourcecode.swift; path = AppSettingsView.swift; sourceTree = "<group>"; };
		6C1007042A1A71D900C83777 /* HabitTrackerApp.swift */ = {isa = PBXFileReference; lastKnownFileType = sourcecode.swift; path = HabitTrackerApp.swift; sourceTree = "<group>"; };
		6C1007062A1A71D900C83777 /* ContentView.swift */ = {isa = PBXFileReference; lastKnownFileType = sourcecode.swift; path = ContentView.swift; sourceTree = "<group>"; };
		6C1007082A1A71DA00C83777 /* Assets.xcassets */ = {isa = PBXFileReference; lastKnownFileType = folder.assetcatalog; path = Assets.xcassets; sourceTree = "<group>"; };
		6C10070B2A1A71DA00C83777 /* Preview Assets.xcassets */ = {isa = PBXFileReference; lastKnownFileType = folder.assetcatalog; path = "Preview Assets.xcassets"; sourceTree = "<group>"; };
		6C1007122A1A72D700C83777 /* Habit.swift */ = {isa = PBXFileReference; lastKnownFileType = sourcecode.swift; path = Habit.swift; sourceTree = "<group>"; };
		6C1007142A1A731300C83777 /* HabitsViewModel.swift */ = {isa = PBXFileReference; lastKnownFileType = sourcecode.swift; path = HabitsViewModel.swift; sourceTree = "<group>"; };
		6C1007162A1C00F200C83777 /* AddHabitView.swift */ = {isa = PBXFileReference; lastKnownFileType = sourcecode.swift; path = AddHabitView.swift; sourceTree = "<group>"; };
/* End PBXFileReference section */

/* Begin PBXFrameworksBuildPhase section */
		6C1006EE2A1A71D900C83777 /* Frameworks */ = {
			isa = PBXFrameworksBuildPhase;
			buildActionMask = 2147483647;
			files = (
			);
			runOnlyForDeploymentPostprocessing = 0;
		};
/* End PBXFrameworksBuildPhase section */

/* Begin PBXGroup section */
		6C1006E82A1A71D900C83777 = {
			isa = PBXGroup;
			children = (
				6C1006F32A1A71D900C83777 /* HabitTracker */,
				6C1006F22A1A71D900C83777 /* Products */,
			);
			sourceTree = "<group>";
		};
		6C1006F22A1A71D900C83777 /* Products */ = {
			isa = PBXGroup;
			children = (
				6C1006F12A1A71D900C83777 /* HabitTracker.app */,
			);
			name = Products;
			sourceTree = "<group>";
		};
		6C1006F32A1A71D900C83777 /* HabitTracker */ = {
			isa = PBXGroup;
			children = (
				6C1006F42A1A71D900C83777 /* TODO.md */,
				6C1007042A1A71D900C83777 /* HabitTrackerApp.swift */,
				6C1007062A1A71D900C83777 /* ContentView.swift */,
				6C1007082A1A71DA00C83777 /* Assets.xcassets */,
				6C1006F62A1A71D900C83777 /* Private */,
				6C1006FB2A1A71D900C83777 /* Models */,
				6C1006FE2A1A71D900C83777 /* ViewModels */,
				6C1007012A1A71D900C83777 /* Views */,
				6C10070A2A1A71DA00C83777 /* Preview Content */,
			);
			path = HabitTracker;
			sourceTree = "<group>";
		};
		6C1006F62A1A71D900C83777 /* Private */ = {
			isa = PBXGroup;
			children = (
				6C1006F72A1A71D900C83777 /* .gitignore */,
				6C1006F92A1A71D900C83777 /* PrivateKeys.swift */,
			);
			path = Private;
			sourceTree = "<group>";
		};
		6C1006FB2A1A71D900C83777 /* Models */ = {
			isa = PBXGroup;
			children = (
				6C1007122A1A72D700C83777 /* Habit.swift */,
				6C1006FC2A1A71D900C83777 /* AppSettings.swift */,
			);
			path = Models;
			sourceTree = "<group>";
		};
		6C1006FE2A1A71D900C83777 /* ViewModels */ = {
			isa = PBXGroup;
			children = (
				6C1007142A1A731300C83777 /* HabitsViewModel.swift */,
				6C1006FF2A1A71D900C83777 /* AppSettingsViewModel.swift */,
			);
			path = ViewModels;
			sourceTree = "<group>";
		};
		6C1007012A1A71D900C83777 /* Views */ = {
			isa = PBXGroup;
			children = (
				6C1007022A1A71D900C83777 /* AppSettingsView.swift */,
				6C1007162A1C00F200C83777 /* AddHabitView.swift */,
			);
			path = Views;
			sourceTree = "<group>";
		};
		6C10070A2A1A71DA00C83777 /* Preview Content */ = {
			isa = PBXGroup;
			children = (
				6C10070B2A1A71DA00C83777 /* Preview Assets.xcassets */,
			);
			path = "Preview Content";
			sourceTree = "<group>";
		};
/* End PBXGroup section */

/* Begin PBXNativeTarget section */
		6C1006F02A1A71D900C83777 /* HabitTracker */ = {
			isa = PBXNativeTarget;
			buildConfigurationList = 6C10070F2A1A71DA00C83777 /* Build configuration list for PBXNativeTarget "HabitTracker" */;
			buildPhases = (
				6C1006ED2A1A71D900C83777 /* Sources */,
				6C1006EE2A1A71D900C83777 /* Frameworks */,
				6C1006EF2A1A71D900C83777 /* Resources */,
			);
			buildRules = (
			);
			dependencies = (
			);
			name = HabitTracker;
			productName = HabitTracker;
			productReference = 6C1006F12A1A71D900C83777 /* HabitTracker.app */;
			productType = "com.apple.product-type.application";
		};
/* End PBXNativeTarget section */

/* Begin PBXProject section */
		6C1006E92A1A71D900C83777 /* Project object */ = {
			isa = PBXProject;
			attributes = {
				BuildIndependentTargetsInParallel = 1;
				LastSwiftUpdateCheck = 1430;
				LastUpgradeCheck = 1430;
				TargetAttributes = {
					6C1006F02A1A71D900C83777 = {
						CreatedOnToolsVersion = 14.3;
					};
				};
			};
			buildConfigurationList = 6C1006EC2A1A71D900C83777 /* Build configuration list for PBXProject "HabitTracker" */;
			compatibilityVersion = "Xcode 14.0";
			developmentRegion = en;
			hasScannedForEncodings = 0;
			knownRegions = (
				en,
				Base,
			);
			mainGroup = 6C1006E82A1A71D900C83777;
			productRefGroup = 6C1006F22A1A71D900C83777 /* Products */;
			projectDirPath = "";
			projectRoot = "";
			targets = (
				6C1006F02A1A71D900C83777 /* HabitTracker */,
			);
		};
/* End PBXProject section */

/* Begin PBXResourcesBuildPhase section */
		6C1006EF2A1A71D900C83777 /* Resources */ = {
			isa = PBXResourcesBuildPhase;
			buildActionMask = 2147483647;
			files = (
				6C10070C2A1A71DA00C83777 /* Preview Assets.xcassets in Resources */,
				6C1006F82A1A71D900C83777 /* .gitignore in Resources */,
				6C1007092A1A71DA00C83777 /* Assets.xcassets in Resources */,
				6C1006F52A1A71D900C83777 /* TODO.md in Resources */,
			);
			runOnlyForDeploymentPostprocessing = 0;
		};
/* End PBXResourcesBuildPhase section */

/* Begin PBXSourcesBuildPhase section */
		6C1006ED2A1A71D900C83777 /* Sources */ = {
			isa = PBXSourcesBuildPhase;
			buildActionMask = 2147483647;
			files = (
				6C1007152A1A731300C83777 /* HabitsViewModel.swift in Sources */,
				6C1006FD2A1A71D900C83777 /* AppSettings.swift in Sources */,
				6C1007032A1A71D900C83777 /* AppSettingsView.swift in Sources */,
				6C1007132A1A72D700C83777 /* Habit.swift in Sources */,
				6C1007072A1A71D900C83777 /* ContentView.swift in Sources */,
				6C1007172A1C00F200C83777 /* AddHabitView.swift in Sources */,
				6C1007002A1A71D900C83777 /* AppSettingsViewModel.swift in Sources */,
				6C1006FA2A1A71D900C83777 /* PrivateKeys.swift in Sources */,
				6C1007052A1A71D900C83777 /* HabitTrackerApp.swift in Sources */,
			);
			runOnlyForDeploymentPostprocessing = 0;
		};
/* End PBXSourcesBuildPhase section */

/* Begin XCBuildConfiguration section */
		6C10070D2A1A71DA00C83777 /* Debug */ = {
			isa = XCBuildConfiguration;
			buildSettings = {
				ALWAYS_SEARCH_USER_PATHS = NO;
				CLANG_ANALYZER_NONNULL = YES;
				CLANG_ANALYZER_NUMBER_OBJECT_CONVERSION = YES_AGGRESSIVE;
				CLANG_CXX_LANGUAGE_STANDARD = "gnu++20";
				CLANG_ENABLE_MODULES = YES;
				CLANG_ENABLE_OBJC_ARC = YES;
				CLANG_ENABLE_OBJC_WEAK = YES;
				CLANG_WARN_BLOCK_CAPTURE_AUTORELEASING = YES;
				CLANG_WARN_BOOL_CONVERSION = YES;
				CLANG_WARN_COMMA = YES;
				CLANG_WARN_CONSTANT_CONVERSION = YES;
				CLANG_WARN_DEPRECATED_OBJC_IMPLEMENTATIONS = YES;
				CLANG_WARN_DIRECT_OBJC_ISA_USAGE = YES_ERROR;
				CLANG_WARN_DOCUMENTATION_COMMENTS = YES;
				CLANG_WARN_EMPTY_BODY = YES;
				CLANG_WARN_ENUM_CONVERSION = YES;
				CLANG_WARN_INFINITE_RECURSION = YES;
				CLANG_WARN_INT_CONVERSION = YES;
				CLANG_WARN_NON_LITERAL_NULL_CONVERSION = YES;
				CLANG_WARN_OBJC_IMPLICIT_RETAIN_SELF = YES;
				CLANG_WARN_OBJC_LITERAL_CONVERSION = YES;
				CLANG_WARN_OBJC_ROOT_CLASS = YES_ERROR;
				CLANG_WARN_QUOTED_INCLUDE_IN_FRAMEWORK_HEADER = YES;
				CLANG_WARN_RANGE_LOOP_ANALYSIS = YES;
				CLANG_WARN_STRICT_PROTOTYPES = YES;
				CLANG_WARN_SUSPICIOUS_MOVE = YES;
				CLANG_WARN_UNGUARDED_AVAILABILITY = YES_AGGRESSIVE;
				CLANG_WARN_UNREACHABLE_CODE = YES;
				CLANG_WARN__DUPLICATE_METHOD_MATCH = YES;
				COPY_PHASE_STRIP = NO;
				DEBUG_INFORMATION_FORMAT = dwarf;
				ENABLE_STRICT_OBJC_MSGSEND = YES;
				ENABLE_TESTABILITY = YES;
				GCC_C_LANGUAGE_STANDARD = gnu11;
				GCC_DYNAMIC_NO_PIC = NO;
				GCC_NO_COMMON_BLOCKS = YES;
				GCC_OPTIMIZATION_LEVEL = 0;
				GCC_PREPROCESSOR_DEFINITIONS = (
					"DEBUG=1",
					"$(inherited)",
				);
				GCC_WARN_64_TO_32_BIT_CONVERSION = YES;
				GCC_WARN_ABOUT_RETURN_TYPE = YES_ERROR;
				GCC_WARN_UNDECLARED_SELECTOR = YES;
				GCC_WARN_UNINITIALIZED_AUTOS = YES_AGGRESSIVE;
				GCC_WARN_UNUSED_FUNCTION = YES;
				GCC_WARN_UNUSED_VARIABLE = YES;
				IPHONEOS_DEPLOYMENT_TARGET = 16.4;
				MTL_ENABLE_DEBUG_INFO = INCLUDE_SOURCE;
				MTL_FAST_MATH = YES;
				ONLY_ACTIVE_ARCH = YES;
				SDKROOT = iphoneos;
				SWIFT_ACTIVE_COMPILATION_CONDITIONS = DEBUG;
				SWIFT_OPTIMIZATION_LEVEL = "-Onone";
			};
			name = Debug;
		};
		6C10070E2A1A71DA00C83777 /* Release */ = {
			isa = XCBuildConfiguration;
			buildSettings = {
				ALWAYS_SEARCH_USER_PATHS = NO;
				CLANG_ANALYZER_NONNULL = YES;
				CLANG_ANALYZER_NUMBER_OBJECT_CONVERSION = YES_AGGRESSIVE;
				CLANG_CXX_LANGUAGE_STANDARD = "gnu++20";
				CLANG_ENABLE_MODULES = YES;
				CLANG_ENABLE_OBJC_ARC = YES;
				CLANG_ENABLE_OBJC_WEAK = YES;
				CLANG_WARN_BLOCK_CAPTURE_AUTORELEASING = YES;
				CLANG_WARN_BOOL_CONVERSION = YES;
				CLANG_WARN_COMMA = YES;
				CLANG_WARN_CONSTANT_CONVERSION = YES;
				CLANG_WARN_DEPRECATED_OBJC_IMPLEMENTATIONS = YES;
				CLANG_WARN_DIRECT_OBJC_ISA_USAGE = YES_ERROR;
				CLANG_WARN_DOCUMENTATION_COMMENTS = YES;
				CLANG_WARN_EMPTY_BODY = YES;
				CLANG_WARN_ENUM_CONVERSION = YES;
				CLANG_WARN_INFINITE_RECURSION = YES;
				CLANG_WARN_INT_CONVERSION = YES;
				CLANG_WARN_NON_LITERAL_NULL_CONVERSION = YES;
				CLANG_WARN_OBJC_IMPLICIT_RETAIN_SELF = YES;
				CLANG_WARN_OBJC_LITERAL_CONVERSION = YES;
				CLANG_WARN_OBJC_ROOT_CLASS = YES_ERROR;
				CLANG_WARN_QUOTED_INCLUDE_IN_FRAMEWORK_HEADER = YES;
				CLANG_WARN_RANGE_LOOP_ANALYSIS = YES;
				CLANG_WARN_STRICT_PROTOTYPES = YES;
				CLANG_WARN_SUSPICIOUS_MOVE = YES;
				CLANG_WARN_UNGUARDED_AVAILABILITY = YES_AGGRESSIVE;
				CLANG_WARN_UNREACHABLE_CODE = YES;
				CLANG_WARN__DUPLICATE_METHOD_MATCH = YES;
				COPY_PHASE_STRIP = NO;
				DEBUG_INFORMATION_FORMAT = "dwarf-with-dsym";
				ENABLE_NS_ASSERTIONS = NO;
				ENABLE_STRICT_OBJC_MSGSEND = YES;
				GCC_C_LANGUAGE_STANDARD = gnu11;
				GCC_NO_COMMON_BLOCKS = YES;
				GCC_WARN_64_TO_32_BIT_CONVERSION = YES;
				GCC_WARN_ABOUT_RETURN_TYPE = YES_ERROR;
				GCC_WARN_UNDECLARED_SELECTOR = YES;
				GCC_WARN_UNINITIALIZED_AUTOS = YES_AGGRESSIVE;
				GCC_WARN_UNUSED_FUNCTION = YES;
				GCC_WARN_UNUSED_VARIABLE = YES;
				IPHONEOS_DEPLOYMENT_TARGET = 16.4;
				MTL_ENABLE_DEBUG_INFO = NO;
				MTL_FAST_MATH = YES;
				SDKROOT = iphoneos;
				SWIFT_COMPILATION_MODE = wholemodule;
				SWIFT_OPTIMIZATION_LEVEL = "-O";
				VALIDATE_PRODUCT = YES;
			};
			name = Release;
		};
		6C1007102A1A71DA00C83777 /* Debug */ = {
			isa = XCBuildConfiguration;
			buildSettings = {
				ASSETCATALOG_COMPILER_APPICON_NAME = AppIcon;
				ASSETCATALOG_COMPILER_GLOBAL_ACCENT_COLOR_NAME = AccentColor;
				CODE_SIGN_STYLE = Automatic;
				CURRENT_PROJECT_VERSION = 1;
				DEVELOPMENT_ASSET_PATHS = "\"HabitTracker/Preview Content\"";
				DEVELOPMENT_TEAM = 3LL78QD9R4;
				ENABLE_PREVIEWS = YES;
				GENERATE_INFOPLIST_FILE = YES;
				INFOPLIST_KEY_UIApplicationSceneManifest_Generation = YES;
				INFOPLIST_KEY_UIApplicationSupportsIndirectInputEvents = YES;
				INFOPLIST_KEY_UILaunchScreen_Generation = YES;
				INFOPLIST_KEY_UISupportedInterfaceOrientations_iPad = "UIInterfaceOrientationPortrait UIInterfaceOrientationPortraitUpsideDown UIInterfaceOrientationLandscapeLeft UIInterfaceOrientationLandscapeRight";
				INFOPLIST_KEY_UISupportedInterfaceOrientations_iPhone = "UIInterfaceOrientationPortrait UIInterfaceOrientationLandscapeLeft UIInterfaceOrientationLandscapeRight";
				LD_RUNPATH_SEARCH_PATHS = (
					"$(inherited)",
					"@executable_path/Frameworks",
				);
				MARKETING_VERSION = 1.0;
				PRODUCT_BUNDLE_IDENTIFIER = com.anthony.cifre.HabitTracker;
				PRODUCT_NAME = "$(TARGET_NAME)";
				SWIFT_EMIT_LOC_STRINGS = YES;
				SWIFT_VERSION = 5.0;
				TARGETED_DEVICE_FAMILY = "1,2";
			};
			name = Debug;
		};
		6C1007112A1A71DA00C83777 /* Release */ = {
			isa = XCBuildConfiguration;
			buildSettings = {
				ASSETCATALOG_COMPILER_APPICON_NAME = AppIcon;
				ASSETCATALOG_COMPILER_GLOBAL_ACCENT_COLOR_NAME = AccentColor;
				CODE_SIGN_STYLE = Automatic;
				CURRENT_PROJECT_VERSION = 1;
				DEVELOPMENT_ASSET_PATHS = "\"HabitTracker/Preview Content\"";
				DEVELOPMENT_TEAM = 3LL78QD9R4;
				ENABLE_PREVIEWS = YES;
				GENERATE_INFOPLIST_FILE = YES;
				INFOPLIST_KEY_UIApplicationSceneManifest_Generation = YES;
				INFOPLIST_KEY_UIApplicationSupportsIndirectInputEvents = YES;
				INFOPLIST_KEY_UILaunchScreen_Generation = YES;
				INFOPLIST_KEY_UISupportedInterfaceOrientations_iPad = "UIInterfaceOrientationPortrait UIInterfaceOrientationPortraitUpsideDown UIInterfaceOrientationLandscapeLeft UIInterfaceOrientationLandscapeRight";
				INFOPLIST_KEY_UISupportedInterfaceOrientations_iPhone = "UIInterfaceOrientationPortrait UIInterfaceOrientationLandscapeLeft UIInterfaceOrientationLandscapeRight";
				LD_RUNPATH_SEARCH_PATHS = (
					"$(inherited)",
					"@executable_path/Frameworks",
				);
				MARKETING_VERSION = 1.0;
				PRODUCT_BUNDLE_IDENTIFIER = com.anthony.cifre.HabitTracker;
				PRODUCT_NAME = "$(TARGET_NAME)";
				SWIFT_EMIT_LOC_STRINGS = YES;
				SWIFT_VERSION = 5.0;
				TARGETED_DEVICE_FAMILY = "1,2";
			};
			name = Release;
		};
/* End XCBuildConfiguration section */

/* Begin XCConfigurationList section */
		6C1006EC2A1A71D900C83777 /* Build configuration list for PBXProject "HabitTracker" */ = {
			isa = XCConfigurationList;
			buildConfigurations = (
				6C10070D2A1A71DA00C83777 /* Debug */,
				6C10070E2A1A71DA00C83777 /* Release */,
			);
			defaultConfigurationIsVisible = 0;
			defaultConfigurationName = Release;
		};
		6C10070F2A1A71DA00C83777 /* Build configuration list for PBXNativeTarget "HabitTracker" */ = {
			isa = XCConfigurationList;
			buildConfigurations = (
				6C1007102A1A71DA00C83777 /* Debug */,
				6C1007112A1A71DA00C83777 /* Release */,
			);
			defaultConfigurationIsVisible = 0;
			defaultConfigurationName = Release;
		};
/* End XCConfigurationList section */
	};
	rootObject = 6C1006E92A1A71D900C83777 /* Project object */;
}
